
Microsoft Visual Studio Solution File, Format Version 12.00
# Visual Studio Version 17
VisualStudioVersion = 17.5.33530.505
MinimumVisualStudioVersion = 10.0.40219.1
Project("{2150E333-8FDC-42A3-9474-1A3956D46DE8}") = "Microservices", "Microservices", "{678713E2-214E-40DB-84DF-36E1B32A062E}"
EndProject
Project("{2150E333-8FDC-42A3-9474-1A3956D46DE8}") = "Identity", "Identity", "{AD11542A-A633-4457-B413-1718D10225D6}"
EndProject
Project("{2150E333-8FDC-42A3-9474-1A3956D46DE8}") = "1 - Presentation", "1 - Presentation", "{E42DF1F8-A312-4865-9628-4A83FDB4393F}"
EndProject
Project("{2150E333-8FDC-42A3-9474-1A3956D46DE8}") = "2 - Application", "2 - Application", "{6EC14761-E387-4792-BA92-392E70C54B78}"
EndProject
Project("{2150E333-8FDC-42A3-9474-1A3956D46DE8}") = "3 - Domain", "3 - Domain", "{028C916B-F93D-473D-A61C-C36064C011B7}"
EndProject
Project("{2150E333-8FDC-42A3-9474-1A3956D46DE8}") = "4 - Infra", "4 - Infra", "{4B50150E-6D0D-4117-B2CA-9828D8A7A31E}"
EndProject
Project("{2150E333-8FDC-42A3-9474-1A3956D46DE8}") = "5 - Tests", "5 - Tests", "{AFE8A01C-9AA9-4F8D-9DB4-B99C16ACA82B}"
EndProject
Project("{FAE04EC0-301F-11D3-BF4B-00C04F79EFBC}") = "VianaSoft.Identity.App", "src\VianaSoft.Identity.App\VianaSoft.Identity.App.csproj", "{8162B0DF-BF15-4C77-AE63-4D885A6EF99C}"
EndProject
Project("{FAE04EC0-301F-11D3-BF4B-00C04F79EFBC}") = "VianaSoft.Identity.Domain", "src\VianaSoft.Identity.Domain\VianaSoft.Identity.Domain.csproj", "{5512F152-8C27-407D-A1BE-D89219F7F272}"
EndProject
Project("{FAE04EC0-301F-11D3-BF4B-00C04F79EFBC}") = "VianaSoft.Identity.Data", "src\VianaSoft.Identity.Data\VianaSoft.Identity.Data.csproj", "{D231DC94-728A-4F1C-B2F1-052D811946D8}"
EndProject
Project("{FAE04EC0-301F-11D3-BF4B-00C04F79EFBC}") = "VianaSoft.Identity.Ioc", "src\VianaSoft.Identity.Ioc\VianaSoft.Identity.Ioc.csproj", "{B931DFE1-70EE-4A49-8C39-97B01B5339F4}"
EndProject
Project("{FAE04EC0-301F-11D3-BF4B-00C04F79EFBC}") = "VianaSoft.Identity.Services", "src\VianaSoft.Identity.Services\VianaSoft.Identity.Services.csproj", "{D08DDC1A-6236-40D3-922A-3F72D7949E8B}"
EndProject
Project("{FAE04EC0-301F-11D3-BF4B-00C04F79EFBC}") = "VianaSoft.Identity.Tests", "tests\VianaSoft.Identity.Tests\VianaSoft.Identity.Tests.csproj", "{4C2977F0-5B33-4C77-B168-CA45EA341B6D}"
EndProject
Project("{FAE04EC0-301F-11D3-BF4B-00C04F79EFBC}") = "VianaSoft.Identity.Api", "src\VianaSoft.Identity.Api\VianaSoft.Identity.Api.csproj", "{0A59AAC3-1F0C-4D18-95FB-862B1C2F5797}"
EndProject
Global
	GlobalSection(SolutionConfigurationPlatforms) = preSolution
		Debug|Any CPU = Debug|Any CPU
		Release|Any CPU = Release|Any CPU
	EndGlobalSection
	GlobalSection(ProjectConfigurationPlatforms) = postSolution
		{8162B0DF-BF15-4C77-AE63-4D885A6EF99C}.Debug|Any CPU.ActiveCfg = Debug|Any CPU
		{8162B0DF-BF15-4C77-AE63-4D885A6EF99C}.Debug|Any CPU.Build.0 = Debug|Any CPU
		{8162B0DF-BF15-4C77-AE63-4D885A6EF99C}.Release|Any CPU.ActiveCfg = Release|Any CPU
		{8162B0DF-BF15-4C77-AE63-4D885A6EF99C}.Release|Any CPU.Build.0 = Release|Any CPU
		{5512F152-8C27-407D-A1BE-D89219F7F272}.Debug|Any CPU.ActiveCfg = Debug|Any CPU
		{5512F152-8C27-407D-A1BE-D89219F7F272}.Debug|Any CPU.Build.0 = Debug|Any CPU
		{5512F152-8C27-407D-A1BE-D89219F7F272}.Release|Any CPU.ActiveCfg = Release|Any CPU
		{5512F152-8C27-407D-A1BE-D89219F7F272}.Release|Any CPU.Build.0 = Release|Any CPU
		{D231DC94-728A-4F1C-B2F1-052D811946D8}.Debug|Any CPU.ActiveCfg = Debug|Any CPU
		{D231DC94-728A-4F1C-B2F1-052D811946D8}.Debug|Any CPU.Build.0 = Debug|Any CPU
		{D231DC94-728A-4F1C-B2F1-052D811946D8}.Release|Any CPU.ActiveCfg = Release|Any CPU
		{D231DC94-728A-4F1C-B2F1-052D811946D8}.Release|Any CPU.Build.0 = Release|Any CPU
		{B931DFE1-70EE-4A49-8C39-97B01B5339F4}.Debug|Any CPU.ActiveCfg = Debug|Any CPU
		{B931DFE1-70EE-4A49-8C39-97B01B5339F4}.Debug|Any CPU.Build.0 = Debug|Any CPU
		{B931DFE1-70EE-4A49-8C39-97B01B5339F4}.Release|Any CPU.ActiveCfg = Release|Any CPU
		{B931DFE1-70EE-4A49-8C39-97B01B5339F4}.Release|Any CPU.Build.0 = Release|Any CPU
		{D08DDC1A-6236-40D3-922A-3F72D7949E8B}.Debug|Any CPU.ActiveCfg = Debug|Any CPU
		{D08DDC1A-6236-40D3-922A-3F72D7949E8B}.Debug|Any CPU.Build.0 = Debug|Any CPU
		{D08DDC1A-6236-40D3-922A-3F72D7949E8B}.Release|Any CPU.ActiveCfg = Release|Any CPU
		{D08DDC1A-6236-40D3-922A-3F72D7949E8B}.Release|Any CPU.Build.0 = Release|Any CPU
		{4C2977F0-5B33-4C77-B168-CA45EA341B6D}.Debug|Any CPU.ActiveCfg = Debug|Any CPU
		{4C2977F0-5B33-4C77-B168-CA45EA341B6D}.Debug|Any CPU.Build.0 = Debug|Any CPU
		{4C2977F0-5B33-4C77-B168-CA45EA341B6D}.Release|Any CPU.ActiveCfg = Release|Any CPU
		{4C2977F0-5B33-4C77-B168-CA45EA341B6D}.Release|Any CPU.Build.0 = Release|Any CPU
		{0A59AAC3-1F0C-4D18-95FB-862B1C2F5797}.Debug|Any CPU.ActiveCfg = Debug|Any CPU
		{0A59AAC3-1F0C-4D18-95FB-862B1C2F5797}.Debug|Any CPU.Build.0 = Debug|Any CPU
		{0A59AAC3-1F0C-4D18-95FB-862B1C2F5797}.Release|Any CPU.ActiveCfg = Release|Any CPU
		{0A59AAC3-1F0C-4D18-95FB-862B1C2F5797}.Release|Any CPU.Build.0 = Release|Any CPU
	EndGlobalSection
	GlobalSection(SolutionProperties) = preSolution
		HideSolutionNode = FALSE
	EndGlobalSection
	GlobalSection(NestedProjects) = preSolution
		{AD11542A-A633-4457-B413-1718D10225D6} = {678713E2-214E-40DB-84DF-36E1B32A062E}
		{E42DF1F8-A312-4865-9628-4A83FDB4393F} = {AD11542A-A633-4457-B413-1718D10225D6}
		{6EC14761-E387-4792-BA92-392E70C54B78} = {AD11542A-A633-4457-B413-1718D10225D6}
		{028C916B-F93D-473D-A61C-C36064C011B7} = {AD11542A-A633-4457-B413-1718D10225D6}
		{4B50150E-6D0D-4117-B2CA-9828D8A7A31E} = {AD11542A-A633-4457-B413-1718D10225D6}
		{AFE8A01C-9AA9-4F8D-9DB4-B99C16ACA82B} = {AD11542A-A633-4457-B413-1718D10225D6}
		{8162B0DF-BF15-4C77-AE63-4D885A6EF99C} = {6EC14761-E387-4792-BA92-392E70C54B78}
		{5512F152-8C27-407D-A1BE-D89219F7F272} = {028C916B-F93D-473D-A61C-C36064C011B7}
		{D231DC94-728A-4F1C-B2F1-052D811946D8} = {4B50150E-6D0D-4117-B2CA-9828D8A7A31E}
		{B931DFE1-70EE-4A49-8C39-97B01B5339F4} = {4B50150E-6D0D-4117-B2CA-9828D8A7A31E}
		{D08DDC1A-6236-40D3-922A-3F72D7949E8B} = {4B50150E-6D0D-4117-B2CA-9828D8A7A31E}
		{4C2977F0-5B33-4C77-B168-CA45EA341B6D} = {AFE8A01C-9AA9-4F8D-9DB4-B99C16ACA82B}
		{0A59AAC3-1F0C-4D18-95FB-862B1C2F5797} = {E42DF1F8-A312-4865-9628-4A83FDB4393F}
	EndGlobalSection
	GlobalSection(ExtensibilityGlobals) = postSolution
		SolutionGuid = {D7C7F580-415A-4AF7-9D07-0701FA420749}
	EndGlobalSection
EndGlobal
